# This file is autogenerated, do not edit; changes may be undone by the next 'dep ensure'.


[[projects]]
  digest = "1:114ecad51af93a73ae6781fd0d0bc28e52b433c852b84ab4b4c109c15e6c6b6d"
  name = "github.com/jroimartin/gocui"
  packages = ["."]
  pruneopts = "UT"
  revision = "c055c87ae801372cd74a0839b972db4f7697ae5f"
  version = "v0.4.0"

[[projects]]
  digest = "1:c9569285dae689c3714582ca1050eeb2ce4d3e4c523dec1e9b1e1ba0ce532f9b"
  name = "github.com/jung-kurt/gofpdf"
  packages = ["."]
  pruneopts = "UT"
  revision = "63b1b6311f9f0fc5e765111030f9e3957b2a67f6"
  version = "v2.7.1"

[[projects]]
  digest = "1:0356f3312c9bd1cbeda81505b7fd437501d8e778ab66998ef69f00d7f9b3a0d7"
  name = "github.com/mattn/go-runewidth"
  packages = ["."]
  pruneopts = "UT"
  revision = "3ee7d812e62a0804a7d0a324e0249ca2db3476d3"
  version = "v0.0.4"

[[projects]]
  digest = "1:4a49346ca45376a2bba679ca0e83bec949d780d4e927931317904bad482943ec"
  name = "github.com/mattn/go-sqlite3"
  packages = ["."]
  pruneopts = "UT"
  revision = "c7c4067b79cc51e6dfdcef5c702e74b1e0fa7c75"
  version = "v1.10.0"

[[projects]]
  branch = "master"
  digest = "1:e4f1b6b3c33388b1f6f3d630280d9b0870c1e2f80379dfd2f89dd06425e9e6b9"
  name = "github.com/nsf/termbox-go"
  packages = ["."]
  pruneopts = "UT"
  revision = "288510b9734e30e7966ec2f22b87c5f8e67345e3"

[solve-meta]
  analyzer-name = "dep"
  analyzer-version = 1
  input-imports = [
    "github.com/jroimartin/gocui",
    "github.com/jung-kurt/gofpdf",
    "github.com/mattn/go-sqlite3",
  ]
  solver-name = "gps-cdcl"
  solver-version = 1
